# THIS IS AN AUTOGENERATED FILE. DO NOT EDIT THIS FILE DIRECTLY.
# yarn lockfile v1


jquery-locationpicker@0.1.12:
  version "0.1.12"
  resolved "https://registry.yarnpkg.com/jquery-locationpicker/-/jquery-locationpicker-0.1.12.tgz#0e088ff4c28c2cde693d7742a7a49afa404738bd"
  integrity sha512-yazgCAR+9zOCsxAkKRRLujFaYIF2vCvhqvXVkVejVyDRVPlgpvbV4MWU3EmoVR4jJpzABnxi6AQqlUN2E8YcnQ==

jquery-ujs@1.2.3:
  version "1.2.3"
  resolved "https://registry.yarnpkg.com/jquery-ujs/-/jquery-ujs-1.2.3.tgz#dcac6026ab7268e5ee41faf9d31c997cd4ddd603"
  integrity sha512-59wvfx5vcCTHMeQT1/OwFiAj+UffLIwjRIoXdpO7Z7BCFGepzq9T9oLVeoItjTqjoXfUrHJvV7QU6pUR+UzOoA==

jquery@*, jquery@3.7.1:
  version "3.7.1"
  resolved "https://registry.yarnpkg.com/jquery/-/jquery-3.7.1.tgz#083ef98927c9a6a74d05a6af02806566d16274de"
  integrity sha512-m4avr8yL8kmFN8psrbFFFmB/If14iN5o9nw/NgnnM+kybDJpRsAynV2BsfpTYrTRysYUdADVD7CkUUizgkpLfg==

rx-jquery@1.1.7:
  version "1.1.7"
  resolved "https://registry.yarnpkg.com/rx-jquery/-/rx-jquery-1.1.7.tgz#08bec7e92625427db85bf3bd8703ad3831b889d5"
  integrity sha512-0EtgD8tUS9lIEYLbF7uCmCyAUZ0TmkuZct+TXalcsS68px//pGncGvhuwcucuZH7Mon/Pzcbf3yYcsBNcMgoWw==
  dependencies:
    jquery "*"
    rx "*"

rx@*:
  version "4.1.0"
  resolved "https://registry.yarnpkg.com/rx/-/rx-4.1.0.tgz#a5f13ff79ef3b740fe30aa803fb09f98805d4782"
  integrity sha512-CiaiuN6gapkdl+cZUr67W6I8jquN4lkak3vtIsIWCl4XIPP8ffsoyN6/+PuGXnQy8Cu8W2y9Xxh31Rq4M6wUug==

skeleton-framework@1.0.10:
  version "1.0.10"
  resolved "https://registry.yarnpkg.com/skeleton-framework/-/skeleton-framework-1.0.10.tgz#dc1f887da47efad6a18ae7ebe719d5d637d08291"
  integrity sha512-+ArbtRjRckN/XEozQB1jGFmcIuSinOrqkh0EXZko4LcpMi2NEj3ueNsz8nYQlUJJDWFpPC0aVd212yscvHUp/Q==

sortablejs@1.15.2:
  version "1.15.2"
  resolved "https://registry.yarnpkg.com/sortablejs/-/sortablejs-1.15.2.tgz#4e9f7bda4718bd1838add9f1866ec77169149809"
  integrity sha512-FJF5jgdfvoKn1MAKSdGs33bIqLi3LmsgVTliuX6iITj834F+JRQZN90Z93yql8h0K2t0RwDPBmxwlbZfDcxNZA==
